
Microsoft Visual Studio Solution File, Format Version 12.00
# Visual Studio Version 17
VisualStudioVersion = 17.6.33815.320
MinimumVisualStudioVersion = 10.0.40219.1
Project("{FAE04EC0-301F-11D3-BF4B-00C04F79EFBC}") = "AquaMai", "AquaMai.csproj", "{788BC472-59F7-46F6-B760-65C18BA74389}"
EndProject
Global
	GlobalSection(SolutionConfigurationPlatforms) = preSolution
		Release|Any CPU = Release|Any CPU
		Debug|Any CPU = Debug|Any CPU
	EndGlobalSection
	GlobalSection(ProjectConfigurationPlatforms) = postSolution
		{788BC472-59F7-46F6-B760-65C18BA74389}.Release|Any CPU.ActiveCfg = Release|Any CPU
		{788BC472-59F7-46F6-B760-65C18BA74389}.Release|Any CPU.Build.0 = Release|Any CPU
		{788BC472-59F7-46F6-B760-65C18BA74389}.Debug|Any CPU.ActiveCfg = Debug|Any CPU
		{788BC472-59F7-46F6-B760-65C18BA74389}.Debug|Any CPU.Build.0 = Debug|Any CPU
	EndGlobalSection
	GlobalSection(SolutionProperties) = preSolution
		HideSolutionNode = FALSE
	EndGlobalSection
	GlobalSection(ExtensibilityGlobals) = postSolution
		SolutionGuid = {DDF15A6C-2A44-4EBE-BD85-F3EE61DCD8BF}
	EndGlobalSection
EndGlobal
